
Microsoft Visual Studio Solution File, Format Version 12.00
# Visual Studio Version 17
VisualStudioVersion = 17.2.32616.157
MinimumVisualStudioVersion = 10.0.40219.1
Project("{FAE04EC0-301F-11D3-BF4B-00C04F79EFBC}") = "BASİT CAFE SİMİLASYONU", "BASİT CAFE SİMİLASYONU\BASİT CAFE SİMİLASYONU.csproj", "{3C8B0F9A-DCD7-439D-971E-1A465BA30661}"
EndProject
Global
	GlobalSection(SolutionConfigurationPlatforms) = preSolution
		Debug|Any CPU = Debug|Any CPU
		Release|Any CPU = Release|Any CPU
	EndGlobalSection
	GlobalSection(ProjectConfigurationPlatforms) = postSolution
		{3C8B0F9A-DCD7-439D-971E-1A465BA30661}.Debug|Any CPU.ActiveCfg = Debug|Any CPU
		{3C8B0F9A-DCD7-439D-971E-1A465BA30661}.Debug|Any CPU.Build.0 = Debug|Any CPU
		{3C8B0F9A-DCD7-439D-971E-1A465BA30661}.Release|Any CPU.ActiveCfg = Release|Any CPU
		{3C8B0F9A-DCD7-439D-971E-1A465BA30661}.Release|Any CPU.Build.0 = Release|Any CPU
	EndGlobalSection
	GlobalSection(SolutionProperties) = preSolution
		HideSolutionNode = FALSE
	EndGlobalSection
	GlobalSection(ExtensibilityGlobals) = postSolution
		SolutionGuid = {01EDB1DD-582C-4787-B4DA-F222B19B65E3}
	EndGlobalSection
EndGlobal
